
Microsoft Visual Studio Solution File, Format Version 12.00
# Visual Studio Version 16
VisualStudioVersion = 16.0.29025.244
MinimumVisualStudioVersion = 10.0.40219.1
Project("{9A19103F-16F7-4668-BE54-9A1E7A4F7556}") = "RabbitMQExamples", "RabbitMQExamples.csproj", "{9BEF6F49-2AB7-414E-AB0F-56FFA8DA5E92}"
EndProject
Project("{9A19103F-16F7-4668-BE54-9A1E7A4F7556}") = "Send", "..\Send\Send.csproj", "{90AFFE6F-69A8-43CB-A7A6-BA5B39175861}"
EndProject
Project("{9A19103F-16F7-4668-BE54-9A1E7A4F7556}") = "Receive", "..\Receive\Receive.csproj", "{8511E46A-F6BC-46D2-97CF-970B25CEBE37}"
EndProject
Project("{9A19103F-16F7-4668-BE54-9A1E7A4F7556}") = "NewTask", "..\NewTask\NewTask.csproj", "{70037FC9-CFF4-4360-99BA-730012466350}"
EndProject
Project("{9A19103F-16F7-4668-BE54-9A1E7A4F7556}") = "Worker", "..\Worker\Worker.csproj", "{645D9346-09B6-4700-8555-C9D9303E4960}"
EndProject
Project("{2150E333-8FDC-42A3-9474-1A3956D46DE8}") = "HelloWorld", "HelloWorld", "{A34F46B6-2FAA-4BD9-8CD8-4951563E2B1F}"
EndProject
Project("{2150E333-8FDC-42A3-9474-1A3956D46DE8}") = "Work queues", "Work queues", "{7260F3D1-A4B8-41E3-8EAC-BC2E45006EB2}"
EndProject
Project("{2150E333-8FDC-42A3-9474-1A3956D46DE8}") = "Publish-Subscribe", "Publish-Subscribe", "{ECFA99FF-7A9B-4878-BFEB-CA9431922493}"
EndProject
Project("{9A19103F-16F7-4668-BE54-9A1E7A4F7556}") = "EmitLog", "..\EmitLog\EmitLog.csproj", "{1BAB8C66-F314-4B34-B510-E4DE757D4B80}"
EndProject
Project("{9A19103F-16F7-4668-BE54-9A1E7A4F7556}") = "ReceiveLogs", "..\ReceiveLogs\ReceiveLogs.csproj", "{6029B8CC-D158-45AB-AE6E-6FC91DD2E001}"
EndProject
Project("{2150E333-8FDC-42A3-9474-1A3956D46DE8}") = "Routing", "Routing", "{BDA044C2-7100-4899-AA7D-7D34394E97DC}"
EndProject
Project("{FAE04EC0-301F-11D3-BF4B-00C04F79EFBC}") = "EmitLogDirect", "..\EmitLogDirect\EmitLogDirect.csproj", "{C0CECF21-875B-45EE-B4E1-8DA9DF53C837}"
EndProject
Project("{FAE04EC0-301F-11D3-BF4B-00C04F79EFBC}") = "ReceiveLogsDirect", "..\ReceiveLogsDirect\ReceiveLogsDirect.csproj", "{DB9BC4C9-AAD7-4CB5-8F64-8C6807C92992}"
EndProject
Project("{2150E333-8FDC-42A3-9474-1A3956D46DE8}") = "Topics", "Topics", "{9741A4C8-554A-4625-B189-195931D9D480}"
EndProject
Project("{FAE04EC0-301F-11D3-BF4B-00C04F79EFBC}") = "EmitLogTopic", "..\EmitLogTopic\EmitLogTopic.csproj", "{D176366B-4230-429A-A85E-C1E35C7D44DC}"
EndProject
Project("{FAE04EC0-301F-11D3-BF4B-00C04F79EFBC}") = "ReceiveLogsTopic", "..\ReceiveLogsTopic\ReceiveLogsTopic.csproj", "{0487FFE2-EC81-484D-BC07-CC47E35AD159}"
EndProject
Project("{2150E333-8FDC-42A3-9474-1A3956D46DE8}") = "RPC", "RPC", "{3E906CCC-234E-4A66-B6DE-26377F2C5FC7}"
EndProject
Project("{FAE04EC0-301F-11D3-BF4B-00C04F79EFBC}") = "RPCServer", "..\RPCServer\RPCServer.csproj", "{1433D0B0-00A2-4E05-8C59-3817A2F76FE5}"
EndProject
Project("{FAE04EC0-301F-11D3-BF4B-00C04F79EFBC}") = "RpcClient", "..\RpcClient\RpcClient.csproj", "{6FF6212A-17CD-4CA1-BFBC-D5FBAF0DFEC1}"
EndProject
Global
	GlobalSection(SolutionConfigurationPlatforms) = preSolution
		Debug|Any CPU = Debug|Any CPU
		Release|Any CPU = Release|Any CPU
	EndGlobalSection
	GlobalSection(ProjectConfigurationPlatforms) = postSolution
		{9BEF6F49-2AB7-414E-AB0F-56FFA8DA5E92}.Debug|Any CPU.ActiveCfg = Debug|Any CPU
		{9BEF6F49-2AB7-414E-AB0F-56FFA8DA5E92}.Debug|Any CPU.Build.0 = Debug|Any CPU
		{9BEF6F49-2AB7-414E-AB0F-56FFA8DA5E92}.Release|Any CPU.ActiveCfg = Release|Any CPU
		{9BEF6F49-2AB7-414E-AB0F-56FFA8DA5E92}.Release|Any CPU.Build.0 = Release|Any CPU
		{90AFFE6F-69A8-43CB-A7A6-BA5B39175861}.Debug|Any CPU.ActiveCfg = Debug|Any CPU
		{90AFFE6F-69A8-43CB-A7A6-BA5B39175861}.Debug|Any CPU.Build.0 = Debug|Any CPU
		{90AFFE6F-69A8-43CB-A7A6-BA5B39175861}.Release|Any CPU.ActiveCfg = Release|Any CPU
		{90AFFE6F-69A8-43CB-A7A6-BA5B39175861}.Release|Any CPU.Build.0 = Release|Any CPU
		{8511E46A-F6BC-46D2-97CF-970B25CEBE37}.Debug|Any CPU.ActiveCfg = Debug|Any CPU
		{8511E46A-F6BC-46D2-97CF-970B25CEBE37}.Debug|Any CPU.Build.0 = Debug|Any CPU
		{8511E46A-F6BC-46D2-97CF-970B25CEBE37}.Release|Any CPU.ActiveCfg = Release|Any CPU
		{8511E46A-F6BC-46D2-97CF-970B25CEBE37}.Release|Any CPU.Build.0 = Release|Any CPU
		{70037FC9-CFF4-4360-99BA-730012466350}.Debug|Any CPU.ActiveCfg = Debug|Any CPU
		{70037FC9-CFF4-4360-99BA-730012466350}.Debug|Any CPU.Build.0 = Debug|Any CPU
		{70037FC9-CFF4-4360-99BA-730012466350}.Release|Any CPU.ActiveCfg = Release|Any CPU
		{70037FC9-CFF4-4360-99BA-730012466350}.Release|Any CPU.Build.0 = Release|Any CPU
		{645D9346-09B6-4700-8555-C9D9303E4960}.Debug|Any CPU.ActiveCfg = Debug|Any CPU
		{645D9346-09B6-4700-8555-C9D9303E4960}.Debug|Any CPU.Build.0 = Debug|Any CPU
		{645D9346-09B6-4700-8555-C9D9303E4960}.Release|Any CPU.ActiveCfg = Release|Any CPU
		{645D9346-09B6-4700-8555-C9D9303E4960}.Release|Any CPU.Build.0 = Release|Any CPU
		{1BAB8C66-F314-4B34-B510-E4DE757D4B80}.Debug|Any CPU.ActiveCfg = Debug|Any CPU
		{1BAB8C66-F314-4B34-B510-E4DE757D4B80}.Debug|Any CPU.Build.0 = Debug|Any CPU
		{1BAB8C66-F314-4B34-B510-E4DE757D4B80}.Release|Any CPU.ActiveCfg = Release|Any CPU
		{1BAB8C66-F314-4B34-B510-E4DE757D4B80}.Release|Any CPU.Build.0 = Release|Any CPU
		{6029B8CC-D158-45AB-AE6E-6FC91DD2E001}.Debug|Any CPU.ActiveCfg = Debug|Any CPU
		{6029B8CC-D158-45AB-AE6E-6FC91DD2E001}.Debug|Any CPU.Build.0 = Debug|Any CPU
		{6029B8CC-D158-45AB-AE6E-6FC91DD2E001}.Release|Any CPU.ActiveCfg = Release|Any CPU
		{6029B8CC-D158-45AB-AE6E-6FC91DD2E001}.Release|Any CPU.Build.0 = Release|Any CPU
		{C0CECF21-875B-45EE-B4E1-8DA9DF53C837}.Debug|Any CPU.ActiveCfg = Debug|Any CPU
		{C0CECF21-875B-45EE-B4E1-8DA9DF53C837}.Debug|Any CPU.Build.0 = Debug|Any CPU
		{C0CECF21-875B-45EE-B4E1-8DA9DF53C837}.Release|Any CPU.ActiveCfg = Release|Any CPU
		{C0CECF21-875B-45EE-B4E1-8DA9DF53C837}.Release|Any CPU.Build.0 = Release|Any CPU
		{DB9BC4C9-AAD7-4CB5-8F64-8C6807C92992}.Debug|Any CPU.ActiveCfg = Debug|Any CPU
		{DB9BC4C9-AAD7-4CB5-8F64-8C6807C92992}.Debug|Any CPU.Build.0 = Debug|Any CPU
		{DB9BC4C9-AAD7-4CB5-8F64-8C6807C92992}.Release|Any CPU.ActiveCfg = Release|Any CPU
		{DB9BC4C9-AAD7-4CB5-8F64-8C6807C92992}.Release|Any CPU.Build.0 = Release|Any CPU
		{D176366B-4230-429A-A85E-C1E35C7D44DC}.Debug|Any CPU.ActiveCfg = Debug|Any CPU
		{D176366B-4230-429A-A85E-C1E35C7D44DC}.Debug|Any CPU.Build.0 = Debug|Any CPU
		{D176366B-4230-429A-A85E-C1E35C7D44DC}.Release|Any CPU.ActiveCfg = Release|Any CPU
		{D176366B-4230-429A-A85E-C1E35C7D44DC}.Release|Any CPU.Build.0 = Release|Any CPU
		{0487FFE2-EC81-484D-BC07-CC47E35AD159}.Debug|Any CPU.ActiveCfg = Debug|Any CPU
		{0487FFE2-EC81-484D-BC07-CC47E35AD159}.Debug|Any CPU.Build.0 = Debug|Any CPU
		{0487FFE2-EC81-484D-BC07-CC47E35AD159}.Release|Any CPU.ActiveCfg = Release|Any CPU
		{0487FFE2-EC81-484D-BC07-CC47E35AD159}.Release|Any CPU.Build.0 = Release|Any CPU
		{1433D0B0-00A2-4E05-8C59-3817A2F76FE5}.Debug|Any CPU.ActiveCfg = Debug|Any CPU
		{1433D0B0-00A2-4E05-8C59-3817A2F76FE5}.Debug|Any CPU.Build.0 = Debug|Any CPU
		{1433D0B0-00A2-4E05-8C59-3817A2F76FE5}.Release|Any CPU.ActiveCfg = Release|Any CPU
		{1433D0B0-00A2-4E05-8C59-3817A2F76FE5}.Release|Any CPU.Build.0 = Release|Any CPU
		{6FF6212A-17CD-4CA1-BFBC-D5FBAF0DFEC1}.Debug|Any CPU.ActiveCfg = Debug|Any CPU
		{6FF6212A-17CD-4CA1-BFBC-D5FBAF0DFEC1}.Debug|Any CPU.Build.0 = Debug|Any CPU
		{6FF6212A-17CD-4CA1-BFBC-D5FBAF0DFEC1}.Release|Any CPU.ActiveCfg = Release|Any CPU
		{6FF6212A-17CD-4CA1-BFBC-D5FBAF0DFEC1}.Release|Any CPU.Build.0 = Release|Any CPU
	EndGlobalSection
	GlobalSection(SolutionProperties) = preSolution
		HideSolutionNode = FALSE
	EndGlobalSection
	GlobalSection(NestedProjects) = preSolution
		{90AFFE6F-69A8-43CB-A7A6-BA5B39175861} = {A34F46B6-2FAA-4BD9-8CD8-4951563E2B1F}
		{8511E46A-F6BC-46D2-97CF-970B25CEBE37} = {A34F46B6-2FAA-4BD9-8CD8-4951563E2B1F}
		{70037FC9-CFF4-4360-99BA-730012466350} = {7260F3D1-A4B8-41E3-8EAC-BC2E45006EB2}
		{645D9346-09B6-4700-8555-C9D9303E4960} = {7260F3D1-A4B8-41E3-8EAC-BC2E45006EB2}
		{1BAB8C66-F314-4B34-B510-E4DE757D4B80} = {ECFA99FF-7A9B-4878-BFEB-CA9431922493}
		{6029B8CC-D158-45AB-AE6E-6FC91DD2E001} = {ECFA99FF-7A9B-4878-BFEB-CA9431922493}
		{C0CECF21-875B-45EE-B4E1-8DA9DF53C837} = {BDA044C2-7100-4899-AA7D-7D34394E97DC}
		{DB9BC4C9-AAD7-4CB5-8F64-8C6807C92992} = {BDA044C2-7100-4899-AA7D-7D34394E97DC}
		{D176366B-4230-429A-A85E-C1E35C7D44DC} = {9741A4C8-554A-4625-B189-195931D9D480}
		{0487FFE2-EC81-484D-BC07-CC47E35AD159} = {9741A4C8-554A-4625-B189-195931D9D480}
		{1433D0B0-00A2-4E05-8C59-3817A2F76FE5} = {3E906CCC-234E-4A66-B6DE-26377F2C5FC7}
		{6FF6212A-17CD-4CA1-BFBC-D5FBAF0DFEC1} = {3E906CCC-234E-4A66-B6DE-26377F2C5FC7}
	EndGlobalSection
	GlobalSection(ExtensibilityGlobals) = postSolution
		SolutionGuid = {40961ECF-A1D1-4BC4-A0BA-AB0CEB372227}
	EndGlobalSection
EndGlobal
